// !$*UTF8*$!
{
	archiveVersion = 1;
	classes = {
	};
	objectVersion = 50;
	objects = {

/* Begin PBXBuildFile section */
		ABAB4C8D256F24C200C3C7B8 /* AppDelegate.swift in Sources */ = {isa = PBXBuildFile; fileRef = ABAB4C8C256F24C200C3C7B8 /* AppDelegate.swift */; };
		ABAB4C8F256F24C200C3C7B8 /* SceneDelegate.swift in Sources */ = {isa = PBXBuildFile; fileRef = ABAB4C8E256F24C200C3C7B8 /* SceneDelegate.swift */; };
		ABAB4C91256F24C200C3C7B8 /* ViewController.swift in Sources */ = {isa = PBXBuildFile; fileRef = ABAB4C90256F24C200C3C7B8 /* ViewController.swift */; };
		ABAB4C96256F24C400C3C7B8 /* Assets.xcassets in Resources */ = {isa = PBXBuildFile; fileRef = ABAB4C95256F24C400C3C7B8 /* Assets.xcassets */; };
		ABAB4C99256F24C400C3C7B8 /* LaunchScreen.storyboard in Resources */ = {isa = PBXBuildFile; fileRef = ABAB4C97256F24C400C3C7B8 /* LaunchScreen.storyboard */; };
		ABAB4CAF2575921000C3C7B8 /* ItemCollectionViewCell.swift in Sources */ = {isa = PBXBuildFile; fileRef = ABAB4CAE2575921000C3C7B8 /* ItemCollectionViewCell.swift */; };
		ABAB4CB22575A00900C3C7B8 /* Item.swift in Sources */ = {isa = PBXBuildFile; fileRef = ABAB4CB12575A00900C3C7B8 /* Item.swift */; };
/* End PBXBuildFile section */

/* Begin PBXFileReference section */
		ABAB4C89256F24C200C3C7B8 /* HackChallenge.app */ = {isa = PBXFileReference; explicitFileType = wrapper.application; includeInIndex = 0; path = HackChallenge.app; sourceTree = BUILT_PRODUCTS_DIR; };
		ABAB4C8C256F24C200C3C7B8 /* AppDelegate.swift */ = {isa = PBXFileReference; lastKnownFileType = sourcecode.swift; path = AppDelegate.swift; sourceTree = "<group>"; };
		ABAB4C8E256F24C200C3C7B8 /* SceneDelegate.swift */ = {isa = PBXFileReference; lastKnownFileType = sourcecode.swift; path = SceneDelegate.swift; sourceTree = "<group>"; };
		ABAB4C90256F24C200C3C7B8 /* ViewController.swift */ = {isa = PBXFileReference; lastKnownFileType = sourcecode.swift; path = ViewController.swift; sourceTree = "<group>"; };
		ABAB4C95256F24C400C3C7B8 /* Assets.xcassets */ = {isa = PBXFileReference; lastKnownFileType = folder.assetcatalog; path = Assets.xcassets; sourceTree = "<group>"; };
		ABAB4C98256F24C400C3C7B8 /* Base */ = {isa = PBXFileReference; lastKnownFileType = file.storyboard; name = Base; path = Base.lproj/LaunchScreen.storyboard; sourceTree = "<group>"; };
		ABAB4C9A256F24C400C3C7B8 /* Info.plist */ = {isa = PBXFileReference; lastKnownFileType = text.plist.xml; path = Info.plist; sourceTree = "<group>"; };
		ABAB4CAE2575921000C3C7B8 /* ItemCollectionViewCell.swift */ = {isa = PBXFileReference; lastKnownFileType = sourcecode.swift; path = ItemCollectionViewCell.swift; sourceTree = "<group>"; };
		ABAB4CB12575A00900C3C7B8 /* Item.swift */ = {isa = PBXFileReference; lastKnownFileType = sourcecode.swift; path = Item.swift; sourceTree = "<group>"; };
/* End PBXFileReference section */

/* Begin PBXFrameworksBuildPhase section */
		ABAB4C86256F24C200C3C7B8 /* Frameworks */ = {
			isa = PBXFrameworksBuildPhase;
			buildActionMask = 2147483647;
			files = (
			);
			runOnlyForDeploymentPostprocessing = 0;
		};
/* End PBXFrameworksBuildPhase section */

/* Begin PBXGroup section */
		ABAB4C80256F24C200C3C7B8 = {
			isa = PBXGroup;
			children = (
				ABAB4C8B256F24C200C3C7B8 /* HackChallenge */,
				ABAB4C8A256F24C200C3C7B8 /* Products */,
			);
			sourceTree = "<group>";
		};
		ABAB4C8A256F24C200C3C7B8 /* Products */ = {
			isa = PBXGroup;
			children = (
				ABAB4C89256F24C200C3C7B8 /* HackChallenge.app */,
			);
			name = Products;
			sourceTree = "<group>";
		};
		ABAB4C8B256F24C200C3C7B8 /* HackChallenge */ = {
			isa = PBXGroup;
			children = (
				ABAB4C8C256F24C200C3C7B8 /* AppDelegate.swift */,
				ABAB4C8E256F24C200C3C7B8 /* SceneDelegate.swift */,
				ABAB4C90256F24C200C3C7B8 /* ViewController.swift */,
				ABAB4CAE2575921000C3C7B8 /* ItemCollectionViewCell.swift */,
				ABAB4CB12575A00900C3C7B8 /* Item.swift */,
				ABAB4C95256F24C400C3C7B8 /* Assets.xcassets */,
				ABAB4C97256F24C400C3C7B8 /* LaunchScreen.storyboard */,
				ABAB4C9A256F24C400C3C7B8 /* Info.plist */,
			);
			path = HackChallenge;
			sourceTree = "<group>";
		};
/* End PBXGroup section */

/* Begin PBXNativeTarget section */
		ABAB4C88256F24C200C3C7B8 /* HackChallenge */ = {
			isa = PBXNativeTarget;
			buildConfigurationList = ABAB4C9D256F24C400C3C7B8 /* Build configuration list for PBXNativeTarget "HackChallenge" */;
			buildPhases = (
				ABAB4C85256F24C200C3C7B8 /* Sources */,
				ABAB4C86256F24C200C3C7B8 /* Frameworks */,
				ABAB4C87256F24C200C3C7B8 /* Resources */,
			);
			buildRules = (
			);
			dependencies = (
			);
			name = HackChallenge;
			productName = HackChallenge;
			productReference = ABAB4C89256F24C200C3C7B8 /* HackChallenge.app */;
			productType = "com.apple.product-type.application";
		};
/* End PBXNativeTarget section */

/* Begin PBXProject section */
		ABAB4C81256F24C200C3C7B8 /* Project object */ = {
			isa = PBXProject;
			attributes = {
				LastSwiftUpdateCheck = 1200;
				LastUpgradeCheck = 1200;
				TargetAttributes = {
					ABAB4C88256F24C200C3C7B8 = {
						CreatedOnToolsVersion = 12.0.1;
					};
				};
			};
			buildConfigurationList = ABAB4C84256F24C200C3C7B8 /* Build configuration list for PBXProject "HackChallenge" */;
			compatibilityVersion = "Xcode 9.3";
			developmentRegion = en;
			hasScannedForEncodings = 0;
			knownRegions = (
				en,
				Base,
			);
			mainGroup = ABAB4C80256F24C200C3C7B8;
			productRefGroup = ABAB4C8A256F24C200C3C7B8 /* Products */;
			projectDirPath = "";
			projectRoot = "";
			targets = (
				ABAB4C88256F24C200C3C7B8 /* HackChallenge */,
			);
		};
/* End PBXProject section */

/* Begin PBXResourcesBuildPhase section */
		ABAB4C87256F24C200C3C7B8 /* Resources */ = {
			isa = PBXResourcesBuildPhase;
			buildActionMask = 2147483647;
			files = (
				ABAB4C99256F24C400C3C7B8 /* LaunchScreen.storyboard in Resources */,
				ABAB4C96256F24C400C3C7B8 /* Assets.xcassets in Resources */,
			);
			runOnlyForDeploymentPostprocessing = 0;
		};
/* End PBXResourcesBuildPhase section */

/* Begin PBXSourcesBuildPhase section */
		ABAB4C85256F24C200C3C7B8 /* Sources */ = {
			isa = PBXSourcesBuildPhase;
			buildActionMask = 2147483647;
			files = (
				ABAB4CB22575A00900C3C7B8 /* Item.swift in Sources */,
				ABAB4C91256F24C200C3C7B8 /* ViewController.swift in Sources */,
				ABAB4CAF2575921000C3C7B8 /* ItemCollectionViewCell.swift in Sources */,
				ABAB4C8D256F24C200C3C7B8 /* AppDelegate.swift in Sources */,
				ABAB4C8F256F24C200C3C7B8 /* SceneDelegate.swift in Sources */,
			);
			runOnlyForDeploymentPostprocessing = 0;
		};
/* End PBXSourcesBuildPhase section */

/* Begin PBXVariantGroup section */
		ABAB4C97256F24C400C3C7B8 /* LaunchScreen.storyboard */ = {
			isa = PBXVariantGroup;
			children = (
				ABAB4C98256F24C400C3C7B8 /* Base */,
			);
			name = LaunchScreen.storyboard;
			sourceTree = "<group>";
		};
/* End PBXVariantGroup section */

/* Begin XCBuildConfiguration section */
		ABAB4C9B256F24C400C3C7B8 /* Debug */ = {
			isa = XCBuildConfiguration;
			buildSettings = {
				ALWAYS_SEARCH_USER_PATHS = NO;
				CLANG_ANALYZER_NONNULL = YES;
				CLANG_ANALYZER_NUMBER_OBJECT_CONVERSION = YES_AGGRESSIVE;
				CLANG_CXX_LANGUAGE_STANDARD = "gnu++14";
				CLANG_CXX_LIBRARY = "libc++";
				CLANG_ENABLE_MODULES = YES;
				CLANG_ENABLE_OBJC_ARC = YES;
				CLANG_ENABLE_OBJC_WEAK = YES;
				CLANG_WARN_BLOCK_CAPTURE_AUTORELEASING = YES;
				CLANG_WARN_BOOL_CONVERSION = YES;
				CLANG_WARN_COMMA = YES;
				CLANG_WARN_CONSTANT_CONVERSION = YES;
				CLANG_WARN_DEPRECATED_OBJC_IMPLEMENTATIONS = YES;
				CLANG_WARN_DIRECT_OBJC_ISA_USAGE = YES_ERROR;
				CLANG_WARN_DOCUMENTATION_COMMENTS = YES;
				CLANG_WARN_EMPTY_BODY = YES;
				CLANG_WARN_ENUM_CONVERSION = YES;
				CLANG_WARN_INFINITE_RECURSION = YES;
				CLANG_WARN_INT_CONVERSION = YES;
				CLANG_WARN_NON_LITERAL_NULL_CONVERSION = YES;
				CLANG_WARN_OBJC_IMPLICIT_RETAIN_SELF = YES;
				CLANG_WARN_OBJC_LITERAL_CONVERSION = YES;
				CLANG_WARN_OBJC_ROOT_CLASS = YES_ERROR;
				CLANG_WARN_QUOTED_INCLUDE_IN_FRAMEWORK_HEADER = YES;
				CLANG_WARN_RANGE_LOOP_ANALYSIS = YES;
				CLANG_WARN_STRICT_PROTOTYPES = YES;
				CLANG_WARN_SUSPICIOUS_MOVE = YES;
				CLANG_WARN_UNGUARDED_AVAILABILITY = YES_AGGRESSIVE;
				CLANG_WARN_UNREACHABLE_CODE = YES;
				CLANG_WARN__DUPLICATE_METHOD_MATCH = YES;
				COPY_PHASE_STRIP = NO;
				DEBUG_INFORMATION_FORMAT = dwarf;
				ENABLE_STRICT_OBJC_MSGSEND = YES;
				ENABLE_TESTABILITY = YES;
				GCC_C_LANGUAGE_STANDARD = gnu11;
				GCC_DYNAMIC_NO_PIC = NO;
				GCC_NO_COMMON_BLOCKS = YES;
				GCC_OPTIMIZATION_LEVEL = 0;
				GCC_PREPROCESSOR_DEFINITIONS = (
					"DEBUG=1",
					"$(inherited)",
				);
				GCC_WARN_64_TO_32_BIT_CONVERSION = YES;
				GCC_WARN_ABOUT_RETURN_TYPE = YES_ERROR;
				GCC_WARN_UNDECLARED_SELECTOR = YES;
				GCC_WARN_UNINITIALIZED_AUTOS = YES_AGGRESSIVE;
				GCC_WARN_UNUSED_FUNCTION = YES;
				GCC_WARN_UNUSED_VARIABLE = YES;
				IPHONEOS_DEPLOYMENT_TARGET = 14.0;
				MTL_ENABLE_DEBUG_INFO = INCLUDE_SOURCE;
				MTL_FAST_MATH = YES;
				ONLY_ACTIVE_ARCH = YES;
				SDKROOT = iphoneos;
				SWIFT_ACTIVE_COMPILATION_CONDITIONS = DEBUG;
				SWIFT_OPTIMIZATION_LEVEL = "-Onone";
			};
			name = Debug;
		};
		ABAB4C9C256F24C400C3C7B8 /* Release */ = {
			isa = XCBuildConfiguration;
			buildSettings = {
				ALWAYS_SEARCH_USER_PATHS = NO;
				CLANG_ANALYZER_NONNULL = YES;
				CLANG_ANALYZER_NUMBER_OBJECT_CONVERSION = YES_AGGRESSIVE;
				CLANG_CXX_LANGUAGE_STANDARD = "gnu++14";
				CLANG_CXX_LIBRARY = "libc++";
				CLANG_ENABLE_MODULES = YES;
				CLANG_ENABLE_OBJC_ARC = YES;
				CLANG_ENABLE_OBJC_WEAK = YES;
				CLANG_WARN_BLOCK_CAPTURE_AUTORELEASING = YES;
				CLANG_WARN_BOOL_CONVERSION = YES;
				CLANG_WARN_COMMA = YES;
				CLANG_WARN_CONSTANT_CONVERSION = YES;
				CLANG_WARN_DEPRECATED_OBJC_IMPLEMENTATIONS = YES;
				CLANG_WARN_DIRECT_OBJC_ISA_USAGE = YES_ERROR;
				CLANG_WARN_DOCUMENTATION_COMMENTS = YES;
				CLANG_WARN_EMPTY_BODY = YES;
				CLANG_WARN_ENUM_CONVERSION = YES;
				CLANG_WARN_INFINITE_RECURSION = YES;
				CLANG_WARN_INT_CONVERSION = YES;
				CLANG_WARN_NON_LITERAL_NULL_CONVERSION = YES;
				CLANG_WARN_OBJC_IMPLICIT_RETAIN_SELF = YES;
				CLANG_WARN_OBJC_LITERAL_CONVERSION = YES;
				CLANG_WARN_OBJC_ROOT_CLASS = YES_ERROR;
				CLANG_WARN_QUOTED_INCLUDE_IN_FRAMEWORK_HEADER = YES;
				CLANG_WARN_RANGE_LOOP_ANALYSIS = YES;
				CLANG_WARN_STRICT_PROTOTYPES = YES;
				CLANG_WARN_SUSPICIOUS_MOVE = YES;
				CLANG_WARN_UNGUARDED_AVAILABILITY = YES_AGGRESSIVE;
				CLANG_WARN_UNREACHABLE_CODE = YES;
				CLANG_WARN__DUPLICATE_METHOD_MATCH = YES;
				COPY_PHASE_STRIP = NO;
				DEBUG_INFORMATION_FORMAT = "dwarf-with-dsym";
				ENABLE_NS_ASSERTIONS = NO;
				ENABLE_STRICT_OBJC_MSGSEND = YES;
				GCC_C_LANGUAGE_STANDARD = gnu11;
				GCC_NO_COMMON_BLOCKS = YES;
				GCC_WARN_64_TO_32_BIT_CONVERSION = YES;
				GCC_WARN_ABOUT_RETURN_TYPE = YES_ERROR;
				GCC_WARN_UNDECLARED_SELECTOR = YES;
				GCC_WARN_UNINITIALIZED_AUTOS = YES_AGGRESSIVE;
				GCC_WARN_UNUSED_FUNCTION = YES;
				GCC_WARN_UNUSED_VARIABLE = YES;
				IPHONEOS_DEPLOYMENT_TARGET = 14.0;
				MTL_ENABLE_DEBUG_INFO = NO;
				MTL_FAST_MATH = YES;
				SDKROOT = iphoneos;
				SWIFT_COMPILATION_MODE = wholemodule;
				SWIFT_OPTIMIZATION_LEVEL = "-O";
				VALIDATE_PRODUCT = YES;
			};
			name = Release;
		};
		ABAB4C9E256F24C400C3C7B8 /* Debug */ = {
			isa = XCBuildConfiguration;
			buildSettings = {
				ASSETCATALOG_COMPILER_APPICON_NAME = AppIcon;
				ASSETCATALOG_COMPILER_GLOBAL_ACCENT_COLOR_NAME = AccentColor;
				CODE_SIGN_STYLE = Automatic;
				INFOPLIST_FILE = HackChallenge/Info.plist;
				LD_RUNPATH_SEARCH_PATHS = (
					"$(inherited)",
					"@executable_path/Frameworks",
				);
				PRODUCT_BUNDLE_IDENTIFIER = com.peterhuo.HackChallenge;
				PRODUCT_NAME = "$(TARGET_NAME)";
				SWIFT_VERSION = 5.0;
				TARGETED_DEVICE_FAMILY = "1,2";
			};
			name = Debug;
		};
		ABAB4C9F256F24C400C3C7B8 /* Release */ = {
			isa = XCBuildConfiguration;
			buildSettings = {
				ASSETCATALOG_COMPILER_APPICON_NAME = AppIcon;
				ASSETCATALOG_COMPILER_GLOBAL_ACCENT_COLOR_NAME = AccentColor;
				CODE_SIGN_STYLE = Automatic;
				INFOPLIST_FILE = HackChallenge/Info.plist;
				LD_RUNPATH_SEARCH_PATHS = (
					"$(inherited)",
					"@executable_path/Frameworks",
				);
				PRODUCT_BUNDLE_IDENTIFIER = com.peterhuo.HackChallenge;
				PRODUCT_NAME = "$(TARGET_NAME)";
				SWIFT_VERSION = 5.0;
				TARGETED_DEVICE_FAMILY = "1,2";
			};
			name = Release;
		};
/* End XCBuildConfiguration section */

/* Begin XCConfigurationList section */
		ABAB4C84256F24C200C3C7B8 /* Build configuration list for PBXProject "HackChallenge" */ = {
			isa = XCConfigurationList;
			buildConfigurations = (
				ABAB4C9B256F24C400C3C7B8 /* Debug */,
				ABAB4C9C256F24C400C3C7B8 /* Release */,
			);
			defaultConfigurationIsVisible = 0;
			defaultConfigurationName = Release;
		};
		ABAB4C9D256F24C400C3C7B8 /* Build configuration list for PBXNativeTarget "HackChallenge" */ = {
			isa = XCConfigurationList;
			buildConfigurations = (
				ABAB4C9E256F24C400C3C7B8 /* Debug */,
				ABAB4C9F256F24C400C3C7B8 /* Release */,
			);
			defaultConfigurationIsVisible = 0;
			defaultConfigurationName = Release;
		};
/* End XCConfigurationList section */
	};
	rootObject = ABAB4C81256F24C200C3C7B8 /* Project object */;
}
